
Microsoft Visual Studio Solution File, Format Version 12.00
# Visual Studio 14
VisualStudioVersion = 14.0.24720.0
MinimumVisualStudioVersion = 10.0.40219.1
Project("{FAE04EC0-301F-11D3-BF4B-00C04F79EFBC}") = "sjbgWebService", "sjbgWebService\sjbgWebService.csproj", "{4613A48C-A282-4E8A-98CD-F2BFD08558B6}"
EndProject
Project("{FAE04EC0-301F-11D3-BF4B-00C04F79EFBC}") = "WindowsFormsApplication2", "WindowsFormsApplication2\WindowsFormsApplication2.csproj", "{945398E3-CF3B-4FB1-8AD1-385FFFB95C54}"
	ProjectSection(ProjectDependencies) = postProject
		{4613A48C-A282-4E8A-98CD-F2BFD08558B6} = {4613A48C-A282-4E8A-98CD-F2BFD08558B6}
	EndProjectSection
EndProject
Project("{FAE04EC0-301F-11D3-BF4B-00C04F79EFBC}") = "AE.Net.Mail", "aenetmail-master\AE.Net.Mail.csproj", "{68E9CF8C-AB54-4CC7-A34F-C7F469E4EFE0}"
EndProject
Project("{FAE04EC0-301F-11D3-BF4B-00C04F79EFBC}") = "sjbgOracleService", "sjbgOracleService\sjbgOracleService.csproj", "{FB2DAB65-58E7-4AD0-8EDB-75AE32D7A476}"
EndProject
Project("{FAE04EC0-301F-11D3-BF4B-00C04F79EFBC}") = "M2Mqtt", "M2Mqtt\M2Mqtt.csproj", "{A11AEF5A-B246-4FE8-8330-06DB73CC8074}"
EndProject
Project("{E24C65DC-7377-472B-9ABA-BC803B73C61A}") = "SendFileWeb", "SendFileWeb\", "{A955C430-D50D-414A-9AA5-34FE547060ED}"
	ProjectSection(WebsiteProperties) = preProject
		TargetFrameworkMoniker = ".NETFramework,Version%3Dv4.0"
		Debug.AspNetCompiler.VirtualPath = "/SendFileWeb"
		Debug.AspNetCompiler.PhysicalPath = "SendFileWeb\"
		Debug.AspNetCompiler.TargetPath = "PrecompiledWeb\SendFileWeb\"
		Debug.AspNetCompiler.Updateable = "true"
		Debug.AspNetCompiler.ForceOverwrite = "true"
		Debug.AspNetCompiler.FixedNames = "false"
		Debug.AspNetCompiler.Debug = "True"
		Release.AspNetCompiler.VirtualPath = "/SendFileWeb"
		Release.AspNetCompiler.PhysicalPath = "SendFileWeb\"
		Release.AspNetCompiler.TargetPath = "PrecompiledWeb\SendFileWeb\"
		Release.AspNetCompiler.Updateable = "true"
		Release.AspNetCompiler.ForceOverwrite = "true"
		Release.AspNetCompiler.FixedNames = "false"
		Release.AspNetCompiler.Debug = "False"
		VWDPort = "6620"
		SlnRelativePath = "SendFileWeb\"
	EndProjectSection
EndProject
Project("{E24C65DC-7377-472B-9ABA-BC803B73C61A}") = "AQXXPT", "AQXXPT\", "{5A99E56F-5D64-4106-A53B-CECAF75A6E0C}"
	ProjectSection(WebsiteProperties) = preProject
		TargetFrameworkMoniker = ".NETFramework,Version%3Dv4.6.1"
		Debug.AspNetCompiler.VirtualPath = "/AQXXPT"
		Debug.AspNetCompiler.PhysicalPath = "AQXXPT\"
		Debug.AspNetCompiler.TargetPath = "PrecompiledWeb\AQXXPT\"
		Debug.AspNetCompiler.Updateable = "true"
		Debug.AspNetCompiler.ForceOverwrite = "true"
		Debug.AspNetCompiler.FixedNames = "false"
		Debug.AspNetCompiler.Debug = "True"
		Release.AspNetCompiler.VirtualPath = "/AQXXPT"
		Release.AspNetCompiler.PhysicalPath = "AQXXPT\"
		Release.AspNetCompiler.TargetPath = "PrecompiledWeb\AQXXPT\"
		Release.AspNetCompiler.Updateable = "true"
		Release.AspNetCompiler.ForceOverwrite = "true"
		Release.AspNetCompiler.FixedNames = "false"
		Release.AspNetCompiler.Debug = "False"
		VWDPort = "3223"
		SlnRelativePath = "AQXXPT\"
	EndProjectSection
	ProjectSection(ProjectDependencies) = postProject
		{4613A48C-A282-4E8A-98CD-F2BFD08558B6} = {4613A48C-A282-4E8A-98CD-F2BFD08558B6}
	EndProjectSection
EndProject
Project("{FAE04EC0-301F-11D3-BF4B-00C04F79EFBC}") = "aqxxptSMSservice", "aqxxptSMSservice\aqxxptSMSservice.csproj", "{468DBD9C-B68E-4B12-A2E1-3F50EB5EE929}"
EndProject
Project("{E24C65DC-7377-472B-9ABA-BC803B73C61A}") = "GongWen", "http://localhost:47077", "{108F8C45-4AD6-4F69-9054-265AC8498399}"
	ProjectSection(WebsiteProperties) = preProject
		UseIISExpress = "true"
		TargetFrameworkMoniker = ".NETFramework,Version%3Dv4.6.1"
		Debug.AspNetCompiler.VirtualPath = "/localhost_47077"
		Debug.AspNetCompiler.PhysicalPath = "GongWen\"
		Debug.AspNetCompiler.TargetPath = "PrecompiledWeb\localhost_47077\"
		Debug.AspNetCompiler.Updateable = "true"
		Debug.AspNetCompiler.ForceOverwrite = "true"
		Debug.AspNetCompiler.FixedNames = "false"
		Debug.AspNetCompiler.Debug = "True"
		Release.AspNetCompiler.VirtualPath = "/localhost_47077"
		Release.AspNetCompiler.PhysicalPath = "GongWen\"
		Release.AspNetCompiler.TargetPath = "PrecompiledWeb\localhost_47077\"
		Release.AspNetCompiler.Updateable = "true"
		Release.AspNetCompiler.ForceOverwrite = "true"
		Release.AspNetCompiler.FixedNames = "false"
		Release.AspNetCompiler.Debug = "False"
		SlnRelativePath = "GongWen\"
		DefaultWebSiteLanguage = "Visual C#"
	EndProjectSection
EndProject
Project("{E24C65DC-7377-472B-9ABA-BC803B73C61A}") = "xxjwdMail", "xxjwdMail\", "{C3586E8C-CFD8-4CED-94A5-2ED39E88566B}"
	ProjectSection(WebsiteProperties) = preProject
		TargetFrameworkMoniker = ".NETFramework,Version%3Dv4.0"
		Debug.AspNetCompiler.VirtualPath = "/localhost_2842"
		Debug.AspNetCompiler.PhysicalPath = "xxjwdMail\"
		Debug.AspNetCompiler.TargetPath = "PrecompiledWeb\localhost_2842\"
		Debug.AspNetCompiler.Updateable = "true"
		Debug.AspNetCompiler.ForceOverwrite = "true"
		Debug.AspNetCompiler.FixedNames = "false"
		Debug.AspNetCompiler.Debug = "True"
		Release.AspNetCompiler.VirtualPath = "/localhost_2842"
		Release.AspNetCompiler.PhysicalPath = "xxjwdMail\"
		Release.AspNetCompiler.TargetPath = "PrecompiledWeb\localhost_2842\"
		Release.AspNetCompiler.Updateable = "true"
		Release.AspNetCompiler.ForceOverwrite = "true"
		Release.AspNetCompiler.FixedNames = "false"
		Release.AspNetCompiler.Debug = "False"
		VWDPort = "2842"
		SlnRelativePath = "xxjwdMail\"
	EndProjectSection
EndProject
Global
	GlobalSection(SolutionConfigurationPlatforms) = preSolution
		Debug|Any CPU = Debug|Any CPU
		Debug|Mixed Platforms = Debug|Mixed Platforms
		Debug|x64 = Debug|x64
		Debug|x86 = Debug|x86
		oraclex64|Any CPU = oraclex64|Any CPU
		oraclex64|Mixed Platforms = oraclex64|Mixed Platforms
		oraclex64|x64 = oraclex64|x64
		oraclex64|x86 = oraclex64|x86
		Release|Any CPU = Release|Any CPU
		Release|Mixed Platforms = Release|Mixed Platforms
		Release|x64 = Release|x64
		Release|x86 = Release|x86
	EndGlobalSection
	GlobalSection(ProjectConfigurationPlatforms) = postSolution
		{4613A48C-A282-4E8A-98CD-F2BFD08558B6}.Debug|Any CPU.ActiveCfg = Debug|Any CPU
		{4613A48C-A282-4E8A-98CD-F2BFD08558B6}.Debug|Any CPU.Build.0 = Debug|Any CPU
		{4613A48C-A282-4E8A-98CD-F2BFD08558B6}.Debug|Mixed Platforms.ActiveCfg = Debug|Any CPU
		{4613A48C-A282-4E8A-98CD-F2BFD08558B6}.Debug|Mixed Platforms.Build.0 = Debug|Any CPU
		{4613A48C-A282-4E8A-98CD-F2BFD08558B6}.Debug|x64.ActiveCfg = Debug|x64
		{4613A48C-A282-4E8A-98CD-F2BFD08558B6}.Debug|x64.Build.0 = Debug|x64
		{4613A48C-A282-4E8A-98CD-F2BFD08558B6}.Debug|x86.ActiveCfg = Debug|x64
		{4613A48C-A282-4E8A-98CD-F2BFD08558B6}.oraclex64|Any CPU.ActiveCfg = oraclex64|Any CPU
		{4613A48C-A282-4E8A-98CD-F2BFD08558B6}.oraclex64|Any CPU.Build.0 = oraclex64|Any CPU
		{4613A48C-A282-4E8A-98CD-F2BFD08558B6}.oraclex64|Mixed Platforms.ActiveCfg = oraclex64|x64
		{4613A48C-A282-4E8A-98CD-F2BFD08558B6}.oraclex64|Mixed Platforms.Build.0 = oraclex64|x64
		{4613A48C-A282-4E8A-98CD-F2BFD08558B6}.oraclex64|x64.ActiveCfg = oraclex64|x64
		{4613A48C-A282-4E8A-98CD-F2BFD08558B6}.oraclex64|x64.Build.0 = oraclex64|x64
		{4613A48C-A282-4E8A-98CD-F2BFD08558B6}.oraclex64|x86.ActiveCfg = oraclex64|x64
		{4613A48C-A282-4E8A-98CD-F2BFD08558B6}.Release|Any CPU.ActiveCfg = Release|Any CPU
		{4613A48C-A282-4E8A-98CD-F2BFD08558B6}.Release|Any CPU.Build.0 = Release|Any CPU
		{4613A48C-A282-4E8A-98CD-F2BFD08558B6}.Release|Mixed Platforms.ActiveCfg = Release|Any CPU
		{4613A48C-A282-4E8A-98CD-F2BFD08558B6}.Release|Mixed Platforms.Build.0 = Release|Any CPU
		{4613A48C-A282-4E8A-98CD-F2BFD08558B6}.Release|x64.ActiveCfg = Release|x64
		{4613A48C-A282-4E8A-98CD-F2BFD08558B6}.Release|x64.Build.0 = Release|x64
		{4613A48C-A282-4E8A-98CD-F2BFD08558B6}.Release|x86.ActiveCfg = Release|x64
		{945398E3-CF3B-4FB1-8AD1-385FFFB95C54}.Debug|Any CPU.ActiveCfg = Debug|x64
		{945398E3-CF3B-4FB1-8AD1-385FFFB95C54}.Debug|Mixed Platforms.ActiveCfg = Debug|x64
		{945398E3-CF3B-4FB1-8AD1-385FFFB95C54}.Debug|Mixed Platforms.Build.0 = Debug|x64
		{945398E3-CF3B-4FB1-8AD1-385FFFB95C54}.Debug|x64.ActiveCfg = Debug|x64
		{945398E3-CF3B-4FB1-8AD1-385FFFB95C54}.Debug|x64.Build.0 = Debug|x64
		{945398E3-CF3B-4FB1-8AD1-385FFFB95C54}.Debug|x86.ActiveCfg = Debug|x86
		{945398E3-CF3B-4FB1-8AD1-385FFFB95C54}.Debug|x86.Build.0 = Debug|x86
		{945398E3-CF3B-4FB1-8AD1-385FFFB95C54}.oraclex64|Any CPU.ActiveCfg = oraclex64|x64
		{945398E3-CF3B-4FB1-8AD1-385FFFB95C54}.oraclex64|Mixed Platforms.ActiveCfg = oraclex64|x64
		{945398E3-CF3B-4FB1-8AD1-385FFFB95C54}.oraclex64|Mixed Platforms.Build.0 = oraclex64|x64
		{945398E3-CF3B-4FB1-8AD1-385FFFB95C54}.oraclex64|x64.ActiveCfg = oraclex64|x64
		{945398E3-CF3B-4FB1-8AD1-385FFFB95C54}.oraclex64|x64.Build.0 = oraclex64|x64
		{945398E3-CF3B-4FB1-8AD1-385FFFB95C54}.oraclex64|x86.ActiveCfg = oraclex64|x86
		{945398E3-CF3B-4FB1-8AD1-385FFFB95C54}.oraclex64|x86.Build.0 = oraclex64|x86
		{945398E3-CF3B-4FB1-8AD1-385FFFB95C54}.Release|Any CPU.ActiveCfg = Release|x64
		{945398E3-CF3B-4FB1-8AD1-385FFFB95C54}.Release|Mixed Platforms.ActiveCfg = Release|x64
		{945398E3-CF3B-4FB1-8AD1-385FFFB95C54}.Release|Mixed Platforms.Build.0 = Release|x64
		{945398E3-CF3B-4FB1-8AD1-385FFFB95C54}.Release|x64.ActiveCfg = Release|x64
		{945398E3-CF3B-4FB1-8AD1-385FFFB95C54}.Release|x64.Build.0 = Release|x64
		{945398E3-CF3B-4FB1-8AD1-385FFFB95C54}.Release|x86.ActiveCfg = Release|x86
		{945398E3-CF3B-4FB1-8AD1-385FFFB95C54}.Release|x86.Build.0 = Release|x86
		{68E9CF8C-AB54-4CC7-A34F-C7F469E4EFE0}.Debug|Any CPU.ActiveCfg = Debug|Any CPU
		{68E9CF8C-AB54-4CC7-A34F-C7F469E4EFE0}.Debug|Any CPU.Build.0 = Debug|Any CPU
		{68E9CF8C-AB54-4CC7-A34F-C7F469E4EFE0}.Debug|Mixed Platforms.ActiveCfg = Debug|Any CPU
		{68E9CF8C-AB54-4CC7-A34F-C7F469E4EFE0}.Debug|Mixed Platforms.Build.0 = Debug|Any CPU
		{68E9CF8C-AB54-4CC7-A34F-C7F469E4EFE0}.Debug|x64.ActiveCfg = Debug|x64
		{68E9CF8C-AB54-4CC7-A34F-C7F469E4EFE0}.Debug|x64.Build.0 = Debug|x64
		{68E9CF8C-AB54-4CC7-A34F-C7F469E4EFE0}.Debug|x86.ActiveCfg = Debug|x64
		{68E9CF8C-AB54-4CC7-A34F-C7F469E4EFE0}.oraclex64|Any CPU.ActiveCfg = oraclex64|Any CPU
		{68E9CF8C-AB54-4CC7-A34F-C7F469E4EFE0}.oraclex64|Any CPU.Build.0 = oraclex64|Any CPU
		{68E9CF8C-AB54-4CC7-A34F-C7F469E4EFE0}.oraclex64|Mixed Platforms.ActiveCfg = oraclex64|x64
		{68E9CF8C-AB54-4CC7-A34F-C7F469E4EFE0}.oraclex64|Mixed Platforms.Build.0 = oraclex64|x64
		{68E9CF8C-AB54-4CC7-A34F-C7F469E4EFE0}.oraclex64|x64.ActiveCfg = oraclex64|x64
		{68E9CF8C-AB54-4CC7-A34F-C7F469E4EFE0}.oraclex64|x64.Build.0 = oraclex64|x64
		{68E9CF8C-AB54-4CC7-A34F-C7F469E4EFE0}.oraclex64|x86.ActiveCfg = oraclex64|x64
		{68E9CF8C-AB54-4CC7-A34F-C7F469E4EFE0}.Release|Any CPU.ActiveCfg = Release|Any CPU
		{68E9CF8C-AB54-4CC7-A34F-C7F469E4EFE0}.Release|Any CPU.Build.0 = Release|Any CPU
		{68E9CF8C-AB54-4CC7-A34F-C7F469E4EFE0}.Release|Mixed Platforms.ActiveCfg = Release|x64
		{68E9CF8C-AB54-4CC7-A34F-C7F469E4EFE0}.Release|Mixed Platforms.Build.0 = Release|x64
		{68E9CF8C-AB54-4CC7-A34F-C7F469E4EFE0}.Release|x64.ActiveCfg = Release|x64
		{68E9CF8C-AB54-4CC7-A34F-C7F469E4EFE0}.Release|x64.Build.0 = Release|x64
		{68E9CF8C-AB54-4CC7-A34F-C7F469E4EFE0}.Release|x86.ActiveCfg = Release|x64
		{FB2DAB65-58E7-4AD0-8EDB-75AE32D7A476}.Debug|Any CPU.ActiveCfg = Debug|Any CPU
		{FB2DAB65-58E7-4AD0-8EDB-75AE32D7A476}.Debug|Any CPU.Build.0 = Debug|Any CPU
		{FB2DAB65-58E7-4AD0-8EDB-75AE32D7A476}.Debug|Mixed Platforms.ActiveCfg = Debug|Any CPU
		{FB2DAB65-58E7-4AD0-8EDB-75AE32D7A476}.Debug|Mixed Platforms.Build.0 = Debug|Any CPU
		{FB2DAB65-58E7-4AD0-8EDB-75AE32D7A476}.Debug|x64.ActiveCfg = Debug|Any CPU
		{FB2DAB65-58E7-4AD0-8EDB-75AE32D7A476}.Debug|x86.ActiveCfg = Debug|Any CPU
		{FB2DAB65-58E7-4AD0-8EDB-75AE32D7A476}.oraclex64|Any CPU.ActiveCfg = Release|Any CPU
		{FB2DAB65-58E7-4AD0-8EDB-75AE32D7A476}.oraclex64|Any CPU.Build.0 = Release|Any CPU
		{FB2DAB65-58E7-4AD0-8EDB-75AE32D7A476}.oraclex64|Mixed Platforms.ActiveCfg = Release|Any CPU
		{FB2DAB65-58E7-4AD0-8EDB-75AE32D7A476}.oraclex64|Mixed Platforms.Build.0 = Release|Any CPU
		{FB2DAB65-58E7-4AD0-8EDB-75AE32D7A476}.oraclex64|x64.ActiveCfg = Release|Any CPU
		{FB2DAB65-58E7-4AD0-8EDB-75AE32D7A476}.oraclex64|x86.ActiveCfg = Release|Any CPU
		{FB2DAB65-58E7-4AD0-8EDB-75AE32D7A476}.Release|Any CPU.ActiveCfg = Release|Any CPU
		{FB2DAB65-58E7-4AD0-8EDB-75AE32D7A476}.Release|Any CPU.Build.0 = Release|Any CPU
		{FB2DAB65-58E7-4AD0-8EDB-75AE32D7A476}.Release|Mixed Platforms.ActiveCfg = Release|Any CPU
		{FB2DAB65-58E7-4AD0-8EDB-75AE32D7A476}.Release|Mixed Platforms.Build.0 = Release|Any CPU
		{FB2DAB65-58E7-4AD0-8EDB-75AE32D7A476}.Release|x64.ActiveCfg = Release|Any CPU
		{FB2DAB65-58E7-4AD0-8EDB-75AE32D7A476}.Release|x86.ActiveCfg = Release|Any CPU
		{A11AEF5A-B246-4FE8-8330-06DB73CC8074}.Debug|Any CPU.ActiveCfg = Debug|Any CPU
		{A11AEF5A-B246-4FE8-8330-06DB73CC8074}.Debug|Any CPU.Build.0 = Debug|Any CPU
		{A11AEF5A-B246-4FE8-8330-06DB73CC8074}.Debug|Mixed Platforms.ActiveCfg = Debug|Any CPU
		{A11AEF5A-B246-4FE8-8330-06DB73CC8074}.Debug|Mixed Platforms.Build.0 = Debug|Any CPU
		{A11AEF5A-B246-4FE8-8330-06DB73CC8074}.Debug|x64.ActiveCfg = Debug|Any CPU
		{A11AEF5A-B246-4FE8-8330-06DB73CC8074}.Debug|x86.ActiveCfg = Debug|Any CPU
		{A11AEF5A-B246-4FE8-8330-06DB73CC8074}.oraclex64|Any CPU.ActiveCfg = Release|Any CPU
		{A11AEF5A-B246-4FE8-8330-06DB73CC8074}.oraclex64|Any CPU.Build.0 = Release|Any CPU
		{A11AEF5A-B246-4FE8-8330-06DB73CC8074}.oraclex64|Mixed Platforms.ActiveCfg = Release|Any CPU
		{A11AEF5A-B246-4FE8-8330-06DB73CC8074}.oraclex64|Mixed Platforms.Build.0 = Release|Any CPU
		{A11AEF5A-B246-4FE8-8330-06DB73CC8074}.oraclex64|x64.ActiveCfg = Release|Any CPU
		{A11AEF5A-B246-4FE8-8330-06DB73CC8074}.oraclex64|x86.ActiveCfg = Release|Any CPU
		{A11AEF5A-B246-4FE8-8330-06DB73CC8074}.Release|Any CPU.ActiveCfg = Release|Any CPU
		{A11AEF5A-B246-4FE8-8330-06DB73CC8074}.Release|Any CPU.Build.0 = Release|Any CPU
		{A11AEF5A-B246-4FE8-8330-06DB73CC8074}.Release|Mixed Platforms.ActiveCfg = Release|Any CPU
		{A11AEF5A-B246-4FE8-8330-06DB73CC8074}.Release|Mixed Platforms.Build.0 = Release|Any CPU
		{A11AEF5A-B246-4FE8-8330-06DB73CC8074}.Release|x64.ActiveCfg = Release|Any CPU
		{A11AEF5A-B246-4FE8-8330-06DB73CC8074}.Release|x86.ActiveCfg = Release|Any CPU
		{A955C430-D50D-414A-9AA5-34FE547060ED}.Debug|Any CPU.ActiveCfg = Debug|Any CPU
		{A955C430-D50D-414A-9AA5-34FE547060ED}.Debug|Any CPU.Build.0 = Debug|Any CPU
		{A955C430-D50D-414A-9AA5-34FE547060ED}.Debug|Mixed Platforms.ActiveCfg = Debug|Any CPU
		{A955C430-D50D-414A-9AA5-34FE547060ED}.Debug|Mixed Platforms.Build.0 = Debug|Any CPU
		{A955C430-D50D-414A-9AA5-34FE547060ED}.Debug|x64.ActiveCfg = Debug|Any CPU
		{A955C430-D50D-414A-9AA5-34FE547060ED}.Debug|x86.ActiveCfg = Debug|Any CPU
		{A955C430-D50D-414A-9AA5-34FE547060ED}.oraclex64|Any CPU.ActiveCfg = Debug|Any CPU
		{A955C430-D50D-414A-9AA5-34FE547060ED}.oraclex64|Any CPU.Build.0 = Debug|Any CPU
		{A955C430-D50D-414A-9AA5-34FE547060ED}.oraclex64|Mixed Platforms.ActiveCfg = Debug|Any CPU
		{A955C430-D50D-414A-9AA5-34FE547060ED}.oraclex64|Mixed Platforms.Build.0 = Debug|Any CPU
		{A955C430-D50D-414A-9AA5-34FE547060ED}.oraclex64|x64.ActiveCfg = Debug|Any CPU
		{A955C430-D50D-414A-9AA5-34FE547060ED}.oraclex64|x86.ActiveCfg = Debug|Any CPU
		{A955C430-D50D-414A-9AA5-34FE547060ED}.Release|Any CPU.ActiveCfg = Debug|Any CPU
		{A955C430-D50D-414A-9AA5-34FE547060ED}.Release|Any CPU.Build.0 = Debug|Any CPU
		{A955C430-D50D-414A-9AA5-34FE547060ED}.Release|Mixed Platforms.ActiveCfg = Debug|Any CPU
		{A955C430-D50D-414A-9AA5-34FE547060ED}.Release|Mixed Platforms.Build.0 = Debug|Any CPU
		{A955C430-D50D-414A-9AA5-34FE547060ED}.Release|x64.ActiveCfg = Debug|Any CPU
		{A955C430-D50D-414A-9AA5-34FE547060ED}.Release|x86.ActiveCfg = Debug|Any CPU
		{5A99E56F-5D64-4106-A53B-CECAF75A6E0C}.Debug|Any CPU.ActiveCfg = Debug|Any CPU
		{5A99E56F-5D64-4106-A53B-CECAF75A6E0C}.Debug|Any CPU.Build.0 = Debug|Any CPU
		{5A99E56F-5D64-4106-A53B-CECAF75A6E0C}.Debug|Mixed Platforms.ActiveCfg = Debug|Any CPU
		{5A99E56F-5D64-4106-A53B-CECAF75A6E0C}.Debug|Mixed Platforms.Build.0 = Debug|Any CPU
		{5A99E56F-5D64-4106-A53B-CECAF75A6E0C}.Debug|x64.ActiveCfg = Debug|Any CPU
		{5A99E56F-5D64-4106-A53B-CECAF75A6E0C}.Debug|x86.ActiveCfg = Debug|Any CPU
		{5A99E56F-5D64-4106-A53B-CECAF75A6E0C}.oraclex64|Any CPU.ActiveCfg = Debug|Any CPU
		{5A99E56F-5D64-4106-A53B-CECAF75A6E0C}.oraclex64|Any CPU.Build.0 = Debug|Any CPU
		{5A99E56F-5D64-4106-A53B-CECAF75A6E0C}.oraclex64|Mixed Platforms.ActiveCfg = Debug|Any CPU
		{5A99E56F-5D64-4106-A53B-CECAF75A6E0C}.oraclex64|Mixed Platforms.Build.0 = Debug|Any CPU
		{5A99E56F-5D64-4106-A53B-CECAF75A6E0C}.oraclex64|x64.ActiveCfg = Debug|Any CPU
		{5A99E56F-5D64-4106-A53B-CECAF75A6E0C}.oraclex64|x86.ActiveCfg = Debug|Any CPU
		{5A99E56F-5D64-4106-A53B-CECAF75A6E0C}.Release|Any CPU.ActiveCfg = Debug|Any CPU
		{5A99E56F-5D64-4106-A53B-CECAF75A6E0C}.Release|Any CPU.Build.0 = Debug|Any CPU
		{5A99E56F-5D64-4106-A53B-CECAF75A6E0C}.Release|Mixed Platforms.ActiveCfg = Debug|Any CPU
		{5A99E56F-5D64-4106-A53B-CECAF75A6E0C}.Release|Mixed Platforms.Build.0 = Debug|Any CPU
		{5A99E56F-5D64-4106-A53B-CECAF75A6E0C}.Release|x64.ActiveCfg = Debug|Any CPU
		{5A99E56F-5D64-4106-A53B-CECAF75A6E0C}.Release|x86.ActiveCfg = Debug|Any CPU
		{468DBD9C-B68E-4B12-A2E1-3F50EB5EE929}.Debug|Any CPU.ActiveCfg = Debug|x86
		{468DBD9C-B68E-4B12-A2E1-3F50EB5EE929}.Debug|Mixed Platforms.ActiveCfg = Debug|x86
		{468DBD9C-B68E-4B12-A2E1-3F50EB5EE929}.Debug|Mixed Platforms.Build.0 = Debug|x86
		{468DBD9C-B68E-4B12-A2E1-3F50EB5EE929}.Debug|x64.ActiveCfg = Debug|x86
		{468DBD9C-B68E-4B12-A2E1-3F50EB5EE929}.Debug|x86.ActiveCfg = Debug|x86
		{468DBD9C-B68E-4B12-A2E1-3F50EB5EE929}.Debug|x86.Build.0 = Debug|x86
		{468DBD9C-B68E-4B12-A2E1-3F50EB5EE929}.oraclex64|Any CPU.ActiveCfg = Release|x86
		{468DBD9C-B68E-4B12-A2E1-3F50EB5EE929}.oraclex64|Mixed Platforms.ActiveCfg = Release|x86
		{468DBD9C-B68E-4B12-A2E1-3F50EB5EE929}.oraclex64|Mixed Platforms.Build.0 = Release|x86
		{468DBD9C-B68E-4B12-A2E1-3F50EB5EE929}.oraclex64|x64.ActiveCfg = Release|x86
		{468DBD9C-B68E-4B12-A2E1-3F50EB5EE929}.oraclex64|x86.ActiveCfg = Release|x86
		{468DBD9C-B68E-4B12-A2E1-3F50EB5EE929}.oraclex64|x86.Build.0 = Release|x86
		{468DBD9C-B68E-4B12-A2E1-3F50EB5EE929}.Release|Any CPU.ActiveCfg = Release|x86
		{468DBD9C-B68E-4B12-A2E1-3F50EB5EE929}.Release|Mixed Platforms.ActiveCfg = Release|x86
		{468DBD9C-B68E-4B12-A2E1-3F50EB5EE929}.Release|Mixed Platforms.Build.0 = Release|x86
		{468DBD9C-B68E-4B12-A2E1-3F50EB5EE929}.Release|x64.ActiveCfg = Release|x86
		{468DBD9C-B68E-4B12-A2E1-3F50EB5EE929}.Release|x86.ActiveCfg = Release|x86
		{468DBD9C-B68E-4B12-A2E1-3F50EB5EE929}.Release|x86.Build.0 = Release|x86
		{108F8C45-4AD6-4F69-9054-265AC8498399}.Debug|Any CPU.ActiveCfg = Debug|Any CPU
		{108F8C45-4AD6-4F69-9054-265AC8498399}.Debug|Any CPU.Build.0 = Debug|Any CPU
		{108F8C45-4AD6-4F69-9054-265AC8498399}.Debug|Mixed Platforms.ActiveCfg = Debug|Any CPU
		{108F8C45-4AD6-4F69-9054-265AC8498399}.Debug|Mixed Platforms.Build.0 = Debug|Any CPU
		{108F8C45-4AD6-4F69-9054-265AC8498399}.Debug|x64.ActiveCfg = Debug|Any CPU
		{108F8C45-4AD6-4F69-9054-265AC8498399}.Debug|x86.ActiveCfg = Debug|Any CPU
		{108F8C45-4AD6-4F69-9054-265AC8498399}.oraclex64|Any CPU.ActiveCfg = Debug|Any CPU
		{108F8C45-4AD6-4F69-9054-265AC8498399}.oraclex64|Any CPU.Build.0 = Debug|Any CPU
		{108F8C45-4AD6-4F69-9054-265AC8498399}.oraclex64|Mixed Platforms.ActiveCfg = Debug|Any CPU
		{108F8C45-4AD6-4F69-9054-265AC8498399}.oraclex64|Mixed Platforms.Build.0 = Debug|Any CPU
		{108F8C45-4AD6-4F69-9054-265AC8498399}.oraclex64|x64.ActiveCfg = Debug|Any CPU
		{108F8C45-4AD6-4F69-9054-265AC8498399}.oraclex64|x86.ActiveCfg = Debug|Any CPU
		{108F8C45-4AD6-4F69-9054-265AC8498399}.Release|Any CPU.ActiveCfg = Debug|Any CPU
		{108F8C45-4AD6-4F69-9054-265AC8498399}.Release|Any CPU.Build.0 = Debug|Any CPU
		{108F8C45-4AD6-4F69-9054-265AC8498399}.Release|Mixed Platforms.ActiveCfg = Debug|Any CPU
		{108F8C45-4AD6-4F69-9054-265AC8498399}.Release|Mixed Platforms.Build.0 = Debug|Any CPU
		{108F8C45-4AD6-4F69-9054-265AC8498399}.Release|x64.ActiveCfg = Debug|Any CPU
		{108F8C45-4AD6-4F69-9054-265AC8498399}.Release|x86.ActiveCfg = Debug|Any CPU
		{C3586E8C-CFD8-4CED-94A5-2ED39E88566B}.Debug|Any CPU.ActiveCfg = Debug|Any CPU
		{C3586E8C-CFD8-4CED-94A5-2ED39E88566B}.Debug|Any CPU.Build.0 = Debug|Any CPU
		{C3586E8C-CFD8-4CED-94A5-2ED39E88566B}.Debug|Mixed Platforms.ActiveCfg = Debug|Any CPU
		{C3586E8C-CFD8-4CED-94A5-2ED39E88566B}.Debug|Mixed Platforms.Build.0 = Debug|Any CPU
		{C3586E8C-CFD8-4CED-94A5-2ED39E88566B}.Debug|x64.ActiveCfg = Debug|Any CPU
		{C3586E8C-CFD8-4CED-94A5-2ED39E88566B}.Debug|x64.Build.0 = Debug|Any CPU
		{C3586E8C-CFD8-4CED-94A5-2ED39E88566B}.Debug|x86.ActiveCfg = Debug|Any CPU
		{C3586E8C-CFD8-4CED-94A5-2ED39E88566B}.Debug|x86.Build.0 = Debug|Any CPU
		{C3586E8C-CFD8-4CED-94A5-2ED39E88566B}.oraclex64|Any CPU.ActiveCfg = Debug|Any CPU
		{C3586E8C-CFD8-4CED-94A5-2ED39E88566B}.oraclex64|Any CPU.Build.0 = Debug|Any CPU
		{C3586E8C-CFD8-4CED-94A5-2ED39E88566B}.oraclex64|Mixed Platforms.ActiveCfg = Debug|Any CPU
		{C3586E8C-CFD8-4CED-94A5-2ED39E88566B}.oraclex64|Mixed Platforms.Build.0 = Debug|Any CPU
		{C3586E8C-CFD8-4CED-94A5-2ED39E88566B}.oraclex64|x64.ActiveCfg = Debug|Any CPU
		{C3586E8C-CFD8-4CED-94A5-2ED39E88566B}.oraclex64|x64.Build.0 = Debug|Any CPU
		{C3586E8C-CFD8-4CED-94A5-2ED39E88566B}.oraclex64|x86.ActiveCfg = Debug|Any CPU
		{C3586E8C-CFD8-4CED-94A5-2ED39E88566B}.oraclex64|x86.Build.0 = Debug|Any CPU
		{C3586E8C-CFD8-4CED-94A5-2ED39E88566B}.Release|Any CPU.ActiveCfg = Debug|Any CPU
		{C3586E8C-CFD8-4CED-94A5-2ED39E88566B}.Release|Any CPU.Build.0 = Debug|Any CPU
		{C3586E8C-CFD8-4CED-94A5-2ED39E88566B}.Release|Mixed Platforms.ActiveCfg = Debug|Any CPU
		{C3586E8C-CFD8-4CED-94A5-2ED39E88566B}.Release|Mixed Platforms.Build.0 = Debug|Any CPU
		{C3586E8C-CFD8-4CED-94A5-2ED39E88566B}.Release|x64.ActiveCfg = Debug|Any CPU
		{C3586E8C-CFD8-4CED-94A5-2ED39E88566B}.Release|x64.Build.0 = Debug|Any CPU
		{C3586E8C-CFD8-4CED-94A5-2ED39E88566B}.Release|x86.ActiveCfg = Debug|Any CPU
		{C3586E8C-CFD8-4CED-94A5-2ED39E88566B}.Release|x86.Build.0 = Debug|Any CPU
	EndGlobalSection
	GlobalSection(SolutionProperties) = preSolution
		HideSolutionNode = FALSE
	EndGlobalSection
EndGlobal
